
Microsoft Visual Studio Solution File, Format Version 12.00
# Visual Studio Version 16
VisualStudioVersion = 16.0.31129.286
MinimumVisualStudioVersion = 10.0.40219.1
Project("{2150E333-8FDC-42A3-9474-1A3956D46DE8}") = "01. Clientes", "01. Clientes", "{C2289A57-D651-4CDA-9DEC-F07CB1BB899E}"
EndProject
Project("{2150E333-8FDC-42A3-9474-1A3956D46DE8}") = "02. Api.Gateways", "02. Api.Gateways", "{5825F45E-3A5A-4583-A47A-406FD71C508A}"
EndProject
Project("{2150E333-8FDC-42A3-9474-1A3956D46DE8}") = "03. Services", "03. Services", "{7DFE120D-9FDC-4470-8451-1731290263A7}"
EndProject
Project("{2150E333-8FDC-42A3-9474-1A3956D46DE8}") = "01. Identity", "01. Identity", "{C96CA549-7310-452B-B604-55DDCE23A7B3}"
EndProject
Project("{2150E333-8FDC-42A3-9474-1A3956D46DE8}") = "02. Catalog", "02. Catalog", "{320CAC24-4FED-480E-97E1-DF9FB7707C0A}"
EndProject
Project("{2150E333-8FDC-42A3-9474-1A3956D46DE8}") = "03. Customer", "03. Customer", "{B6C184CC-2289-4857-8F3A-C5836767C8BB}"
EndProject
Project("{2150E333-8FDC-42A3-9474-1A3956D46DE8}") = "04. Order", "04. Order", "{26E086D5-9A84-4010-9116-E43DCA8F55C2}"
EndProject
Project("{9A19103F-16F7-4668-BE54-9A1E7A4F7556}") = "Catalog.Api", "src\Services\Catalog\Catalog.Api\Catalog.Api.csproj", "{1F1C2EDE-B93B-4A67-A6D3-8E1E0EFFB058}"
EndProject
Project("{2150E333-8FDC-42A3-9474-1A3956D46DE8}") = "01. API", "01. API", "{74961824-1BEC-4491-AA81-EA6E2B467F4B}"
EndProject
Project("{2150E333-8FDC-42A3-9474-1A3956D46DE8}") = "02. Services", "02. Services", "{252A99BF-8822-440A-B08B-2B616AC3BFB7}"
EndProject
Project("{2150E333-8FDC-42A3-9474-1A3956D46DE8}") = "03. Persistence", "03. Persistence", "{05A5BC06-B326-431D-AD15-A616C04DFC38}"
EndProject
Project("{2150E333-8FDC-42A3-9474-1A3956D46DE8}") = "04. Models", "04. Models", "{8A53CC0E-87CB-4902-94FD-5FE29A11D016}"
EndProject
Project("{9A19103F-16F7-4668-BE54-9A1E7A4F7556}") = "Catalog.Domain", "src\Services\Catalog\Catalog.Domain\Catalog.Domain.csproj", "{5ED9EC4B-1C1C-49AB-972C-65F0174EFC57}"
EndProject
Project("{9A19103F-16F7-4668-BE54-9A1E7A4F7556}") = "Catalog.Persistence.Database", "src\Services\Catalog\Catalog.Persistence.Database\Catalog.Persistence.Database.csproj", "{8FAC6190-8912-4D00-87B4-D01784E27E2D}"
EndProject
Project("{9A19103F-16F7-4668-BE54-9A1E7A4F7556}") = "Catalog.Service.Queries", "src\Services\Catalog\Catalog.Service.Queries\Catalog.Service.Queries.csproj", "{7830F5CB-A9F4-4494-A33C-C2A7CD2CB813}"
EndProject
Project("{2150E333-8FDC-42A3-9474-1A3956D46DE8}") = "05. Common", "05. Common", "{65DB92D4-1F22-44D4-932C-C336342563C2}"
EndProject
Project("{9A19103F-16F7-4668-BE54-9A1E7A4F7556}") = "Service.Common.Collection", "src\Services\Common\Service.Common.Collection\Service.Common.Collection.csproj", "{C264FF2F-ED7A-4949-BA1C-659B34E4A355}"
EndProject
Project("{9A19103F-16F7-4668-BE54-9A1E7A4F7556}") = "Service.Common.Mapping", "src\Services\Common\Service.Common.Mapping\Service.Common.Mapping.csproj", "{536338B1-5E87-4EAC-94F1-A0705EEFA04A}"
EndProject
Project("{9A19103F-16F7-4668-BE54-9A1E7A4F7556}") = "Service.Common.Paging", "src\Services\Common\Service.Common.Paging\Service.Common.Paging.csproj", "{B0FF21C9-3573-49FD-867D-061AB1D504D6}"
EndProject
Project("{9A19103F-16F7-4668-BE54-9A1E7A4F7556}") = "Catalog.Service.EventHandlers", "src\Services\Catalog\Catalog.Service.EventHandlers\Catalog.Service.EventHandlers.csproj", "{D7BFF15F-A8B0-4671-94BD-4E849A9BE79B}"
EndProject
Project("{FAE04EC0-301F-11D3-BF4B-00C04F79EFBC}") = "Catalog.Common", "src\Services\Catalog\Catalog.Common\Catalog.Common.csproj", "{5AA97C44-9389-4F4D-BDF0-8DF7F848A9FA}"
EndProject
Project("{2150E333-8FDC-42A3-9474-1A3956D46DE8}") = "05. Common", "05. Common", "{33116E88-906D-44AD-AF11-2F8A1CDFDDED}"
EndProject
Project("{2150E333-8FDC-42A3-9474-1A3956D46DE8}") = "04. Common", "04. Common", "{72D56C47-2770-4F7F-8B3C-860302B24419}"
EndProject
Project("{FAE04EC0-301F-11D3-BF4B-00C04F79EFBC}") = "Common.Logging", "src\Common.Logging\Common.Logging.csproj", "{7E3478B4-1D18-4206-89F4-94904045EDB0}"
EndProject
Project("{2150E333-8FDC-42A3-9474-1A3956D46DE8}") = "06. Testing", "06. Testing", "{61D4C9EE-178E-4305-9901-36B1C6425715}"
EndProject
Project("{FAE04EC0-301F-11D3-BF4B-00C04F79EFBC}") = "Catalog.Tests", "src\Services\Catalog\Catalog.Tests\Catalog.Tests.csproj", "{F9D1C2DD-5157-4940-A7E9-CE427F1A65D8}"
EndProject
Project("{2150E333-8FDC-42A3-9474-1A3956D46DE8}") = "01. API", "01. API", "{DCEF5693-C4EE-4C89-9ECF-FB011B76AB24}"
EndProject
Project("{2150E333-8FDC-42A3-9474-1A3956D46DE8}") = "02. Services", "02. Services", "{4D82CE74-B00D-4714-B443-480C2F9E8272}"
EndProject
Project("{2150E333-8FDC-42A3-9474-1A3956D46DE8}") = "03. Persistance", "03. Persistance", "{BD713697-E89C-430E-B402-764931A92E62}"
EndProject
Project("{2150E333-8FDC-42A3-9474-1A3956D46DE8}") = "04. Models", "04. Models", "{31BF9D00-D673-4CB4-88E9-01EA502B57E3}"
EndProject
Project("{FAE04EC0-301F-11D3-BF4B-00C04F79EFBC}") = "Customer.Api", "src\Services\Customer\Customer.Api\Customer.Api.csproj", "{3537CDB7-A7C7-4237-B329-6D64E6F0EB3F}"
EndProject
Project("{FAE04EC0-301F-11D3-BF4B-00C04F79EFBC}") = "Prueba.Api", "src\Services\Customer\Prueba.Api\Prueba.Api.csproj", "{C8A5BD4A-C537-448F-8404-83E715E83FF1}"
EndProject
Global
	GlobalSection(SolutionConfigurationPlatforms) = preSolution
		Debug|Any CPU = Debug|Any CPU
		Release|Any CPU = Release|Any CPU
	EndGlobalSection
	GlobalSection(ProjectConfigurationPlatforms) = postSolution
		{1F1C2EDE-B93B-4A67-A6D3-8E1E0EFFB058}.Debug|Any CPU.ActiveCfg = Debug|Any CPU
		{1F1C2EDE-B93B-4A67-A6D3-8E1E0EFFB058}.Debug|Any CPU.Build.0 = Debug|Any CPU
		{1F1C2EDE-B93B-4A67-A6D3-8E1E0EFFB058}.Release|Any CPU.ActiveCfg = Release|Any CPU
		{1F1C2EDE-B93B-4A67-A6D3-8E1E0EFFB058}.Release|Any CPU.Build.0 = Release|Any CPU
		{5ED9EC4B-1C1C-49AB-972C-65F0174EFC57}.Debug|Any CPU.ActiveCfg = Debug|Any CPU
		{5ED9EC4B-1C1C-49AB-972C-65F0174EFC57}.Debug|Any CPU.Build.0 = Debug|Any CPU
		{5ED9EC4B-1C1C-49AB-972C-65F0174EFC57}.Release|Any CPU.ActiveCfg = Release|Any CPU
		{5ED9EC4B-1C1C-49AB-972C-65F0174EFC57}.Release|Any CPU.Build.0 = Release|Any CPU
		{8FAC6190-8912-4D00-87B4-D01784E27E2D}.Debug|Any CPU.ActiveCfg = Debug|Any CPU
		{8FAC6190-8912-4D00-87B4-D01784E27E2D}.Debug|Any CPU.Build.0 = Debug|Any CPU
		{8FAC6190-8912-4D00-87B4-D01784E27E2D}.Release|Any CPU.ActiveCfg = Release|Any CPU
		{8FAC6190-8912-4D00-87B4-D01784E27E2D}.Release|Any CPU.Build.0 = Release|Any CPU
		{7830F5CB-A9F4-4494-A33C-C2A7CD2CB813}.Debug|Any CPU.ActiveCfg = Debug|Any CPU
		{7830F5CB-A9F4-4494-A33C-C2A7CD2CB813}.Debug|Any CPU.Build.0 = Debug|Any CPU
		{7830F5CB-A9F4-4494-A33C-C2A7CD2CB813}.Release|Any CPU.ActiveCfg = Release|Any CPU
		{7830F5CB-A9F4-4494-A33C-C2A7CD2CB813}.Release|Any CPU.Build.0 = Release|Any CPU
		{C264FF2F-ED7A-4949-BA1C-659B34E4A355}.Debug|Any CPU.ActiveCfg = Debug|Any CPU
		{C264FF2F-ED7A-4949-BA1C-659B34E4A355}.Debug|Any CPU.Build.0 = Debug|Any CPU
		{C264FF2F-ED7A-4949-BA1C-659B34E4A355}.Release|Any CPU.ActiveCfg = Release|Any CPU
		{C264FF2F-ED7A-4949-BA1C-659B34E4A355}.Release|Any CPU.Build.0 = Release|Any CPU
		{536338B1-5E87-4EAC-94F1-A0705EEFA04A}.Debug|Any CPU.ActiveCfg = Debug|Any CPU
		{536338B1-5E87-4EAC-94F1-A0705EEFA04A}.Debug|Any CPU.Build.0 = Debug|Any CPU
		{536338B1-5E87-4EAC-94F1-A0705EEFA04A}.Release|Any CPU.ActiveCfg = Release|Any CPU
		{536338B1-5E87-4EAC-94F1-A0705EEFA04A}.Release|Any CPU.Build.0 = Release|Any CPU
		{B0FF21C9-3573-49FD-867D-061AB1D504D6}.Debug|Any CPU.ActiveCfg = Debug|Any CPU
		{B0FF21C9-3573-49FD-867D-061AB1D504D6}.Debug|Any CPU.Build.0 = Debug|Any CPU
		{B0FF21C9-3573-49FD-867D-061AB1D504D6}.Release|Any CPU.ActiveCfg = Release|Any CPU
		{B0FF21C9-3573-49FD-867D-061AB1D504D6}.Release|Any CPU.Build.0 = Release|Any CPU
		{D7BFF15F-A8B0-4671-94BD-4E849A9BE79B}.Debug|Any CPU.ActiveCfg = Debug|Any CPU
		{D7BFF15F-A8B0-4671-94BD-4E849A9BE79B}.Debug|Any CPU.Build.0 = Debug|Any CPU
		{D7BFF15F-A8B0-4671-94BD-4E849A9BE79B}.Release|Any CPU.ActiveCfg = Release|Any CPU
		{D7BFF15F-A8B0-4671-94BD-4E849A9BE79B}.Release|Any CPU.Build.0 = Release|Any CPU
		{5AA97C44-9389-4F4D-BDF0-8DF7F848A9FA}.Debug|Any CPU.ActiveCfg = Debug|Any CPU
		{5AA97C44-9389-4F4D-BDF0-8DF7F848A9FA}.Debug|Any CPU.Build.0 = Debug|Any CPU
		{5AA97C44-9389-4F4D-BDF0-8DF7F848A9FA}.Release|Any CPU.ActiveCfg = Release|Any CPU
		{5AA97C44-9389-4F4D-BDF0-8DF7F848A9FA}.Release|Any CPU.Build.0 = Release|Any CPU
		{7E3478B4-1D18-4206-89F4-94904045EDB0}.Debug|Any CPU.ActiveCfg = Debug|Any CPU
		{7E3478B4-1D18-4206-89F4-94904045EDB0}.Debug|Any CPU.Build.0 = Debug|Any CPU
		{7E3478B4-1D18-4206-89F4-94904045EDB0}.Release|Any CPU.ActiveCfg = Release|Any CPU
		{7E3478B4-1D18-4206-89F4-94904045EDB0}.Release|Any CPU.Build.0 = Release|Any CPU
		{F9D1C2DD-5157-4940-A7E9-CE427F1A65D8}.Debug|Any CPU.ActiveCfg = Debug|Any CPU
		{F9D1C2DD-5157-4940-A7E9-CE427F1A65D8}.Debug|Any CPU.Build.0 = Debug|Any CPU
		{F9D1C2DD-5157-4940-A7E9-CE427F1A65D8}.Release|Any CPU.ActiveCfg = Release|Any CPU
		{F9D1C2DD-5157-4940-A7E9-CE427F1A65D8}.Release|Any CPU.Build.0 = Release|Any CPU
		{3537CDB7-A7C7-4237-B329-6D64E6F0EB3F}.Debug|Any CPU.ActiveCfg = Debug|Any CPU
		{3537CDB7-A7C7-4237-B329-6D64E6F0EB3F}.Debug|Any CPU.Build.0 = Debug|Any CPU
		{3537CDB7-A7C7-4237-B329-6D64E6F0EB3F}.Release|Any CPU.ActiveCfg = Release|Any CPU
		{3537CDB7-A7C7-4237-B329-6D64E6F0EB3F}.Release|Any CPU.Build.0 = Release|Any CPU
		{C8A5BD4A-C537-448F-8404-83E715E83FF1}.Debug|Any CPU.ActiveCfg = Debug|Any CPU
		{C8A5BD4A-C537-448F-8404-83E715E83FF1}.Debug|Any CPU.Build.0 = Debug|Any CPU
		{C8A5BD4A-C537-448F-8404-83E715E83FF1}.Release|Any CPU.ActiveCfg = Release|Any CPU
		{C8A5BD4A-C537-448F-8404-83E715E83FF1}.Release|Any CPU.Build.0 = Release|Any CPU
	EndGlobalSection
	GlobalSection(SolutionProperties) = preSolution
		HideSolutionNode = FALSE
	EndGlobalSection
	GlobalSection(NestedProjects) = preSolution
		{C96CA549-7310-452B-B604-55DDCE23A7B3} = {7DFE120D-9FDC-4470-8451-1731290263A7}
		{320CAC24-4FED-480E-97E1-DF9FB7707C0A} = {7DFE120D-9FDC-4470-8451-1731290263A7}
		{B6C184CC-2289-4857-8F3A-C5836767C8BB} = {7DFE120D-9FDC-4470-8451-1731290263A7}
		{26E086D5-9A84-4010-9116-E43DCA8F55C2} = {7DFE120D-9FDC-4470-8451-1731290263A7}
		{1F1C2EDE-B93B-4A67-A6D3-8E1E0EFFB058} = {74961824-1BEC-4491-AA81-EA6E2B467F4B}
		{74961824-1BEC-4491-AA81-EA6E2B467F4B} = {320CAC24-4FED-480E-97E1-DF9FB7707C0A}
		{252A99BF-8822-440A-B08B-2B616AC3BFB7} = {320CAC24-4FED-480E-97E1-DF9FB7707C0A}
		{05A5BC06-B326-431D-AD15-A616C04DFC38} = {320CAC24-4FED-480E-97E1-DF9FB7707C0A}
		{8A53CC0E-87CB-4902-94FD-5FE29A11D016} = {320CAC24-4FED-480E-97E1-DF9FB7707C0A}
		{5ED9EC4B-1C1C-49AB-972C-65F0174EFC57} = {8A53CC0E-87CB-4902-94FD-5FE29A11D016}
		{8FAC6190-8912-4D00-87B4-D01784E27E2D} = {05A5BC06-B326-431D-AD15-A616C04DFC38}
		{7830F5CB-A9F4-4494-A33C-C2A7CD2CB813} = {252A99BF-8822-440A-B08B-2B616AC3BFB7}
		{65DB92D4-1F22-44D4-932C-C336342563C2} = {7DFE120D-9FDC-4470-8451-1731290263A7}
		{C264FF2F-ED7A-4949-BA1C-659B34E4A355} = {65DB92D4-1F22-44D4-932C-C336342563C2}
		{536338B1-5E87-4EAC-94F1-A0705EEFA04A} = {65DB92D4-1F22-44D4-932C-C336342563C2}
		{B0FF21C9-3573-49FD-867D-061AB1D504D6} = {65DB92D4-1F22-44D4-932C-C336342563C2}
		{D7BFF15F-A8B0-4671-94BD-4E849A9BE79B} = {252A99BF-8822-440A-B08B-2B616AC3BFB7}
		{5AA97C44-9389-4F4D-BDF0-8DF7F848A9FA} = {33116E88-906D-44AD-AF11-2F8A1CDFDDED}
		{33116E88-906D-44AD-AF11-2F8A1CDFDDED} = {320CAC24-4FED-480E-97E1-DF9FB7707C0A}
		{7E3478B4-1D18-4206-89F4-94904045EDB0} = {72D56C47-2770-4F7F-8B3C-860302B24419}
		{61D4C9EE-178E-4305-9901-36B1C6425715} = {320CAC24-4FED-480E-97E1-DF9FB7707C0A}
		{F9D1C2DD-5157-4940-A7E9-CE427F1A65D8} = {61D4C9EE-178E-4305-9901-36B1C6425715}
		{DCEF5693-C4EE-4C89-9ECF-FB011B76AB24} = {B6C184CC-2289-4857-8F3A-C5836767C8BB}
		{4D82CE74-B00D-4714-B443-480C2F9E8272} = {B6C184CC-2289-4857-8F3A-C5836767C8BB}
		{BD713697-E89C-430E-B402-764931A92E62} = {B6C184CC-2289-4857-8F3A-C5836767C8BB}
		{31BF9D00-D673-4CB4-88E9-01EA502B57E3} = {B6C184CC-2289-4857-8F3A-C5836767C8BB}
		{3537CDB7-A7C7-4237-B329-6D64E6F0EB3F} = {DCEF5693-C4EE-4C89-9ECF-FB011B76AB24}
		{C8A5BD4A-C537-448F-8404-83E715E83FF1} = {DCEF5693-C4EE-4C89-9ECF-FB011B76AB24}
	EndGlobalSection
	GlobalSection(ExtensibilityGlobals) = postSolution
		SolutionGuid = {6EAE02E9-B7E9-45BC-B491-06887DC2A02C}
	EndGlobalSection
EndGlobal
